
Microsoft Visual Studio Solution File, Format Version 12.00
# Visual Studio 15
VisualStudioVersion = 15.0.28010.2050
MinimumVisualStudioVersion = 10.0.40219.1
Project("{A0786B88-2ADB-4C21-ABE8-AA2D79766269}") = "PHPECサイト", "..\..\..\..\xampp\htdocs\ECsitePHP\PHPde\PHPde\PHPECサイト.phpproj", "{0833FE16-2C02-46A9-8896-C5F44E18C9FB}"
EndProject
Global
	GlobalSection(SolutionConfigurationPlatforms) = preSolution
		Debug|Any CPU = Debug|Any CPU
		Release|Any CPU = Release|Any CPU
	EndGlobalSection
	GlobalSection(ProjectConfigurationPlatforms) = postSolution
		{0833FE16-2C02-46A9-8896-C5F44E18C9FB}.Debug|Any CPU.ActiveCfg = Debug|Any CPU
		{0833FE16-2C02-46A9-8896-C5F44E18C9FB}.Release|Any CPU.ActiveCfg = Release|Any CPU
	EndGlobalSection
	GlobalSection(SolutionProperties) = preSolution
		HideSolutionNode = FALSE
	EndGlobalSection
	GlobalSection(ExtensibilityGlobals) = postSolution
		SolutionGuid = {44F2E90D-A216-4481-AA5A-3699D4AA3E0D}
	EndGlobalSection
EndGlobal
